
Microsoft Visual Studio Solution File, Format Version 12.00
# Visual Studio Version 16
VisualStudioVersion = 16.0.30907.101
MinimumVisualStudioVersion = 10.0.40219.1
Project("{FAE04EC0-301F-11D3-BF4B-00C04F79EFBC}") = "ServerCodeMtk-P2-20190140120", "ServerCodeMtk-P2-20190140120\ServerCodeMtk-P2-20190140120.csproj", "{5A3977E8-436F-408A-BD68-4E43CE9F4ED8}"
EndProject
Global
	GlobalSection(SolutionConfigurationPlatforms) = preSolution
		Debug|Any CPU = Debug|Any CPU
		Release|Any CPU = Release|Any CPU
	EndGlobalSection
	GlobalSection(ProjectConfigurationPlatforms) = postSolution
		{5A3977E8-436F-408A-BD68-4E43CE9F4ED8}.Debug|Any CPU.ActiveCfg = Debug|Any CPU
		{5A3977E8-436F-408A-BD68-4E43CE9F4ED8}.Debug|Any CPU.Build.0 = Debug|Any CPU
		{5A3977E8-436F-408A-BD68-4E43CE9F4ED8}.Release|Any CPU.ActiveCfg = Release|Any CPU
		{5A3977E8-436F-408A-BD68-4E43CE9F4ED8}.Release|Any CPU.Build.0 = Release|Any CPU
	EndGlobalSection
	GlobalSection(SolutionProperties) = preSolution
		HideSolutionNode = FALSE
	EndGlobalSection
	GlobalSection(ExtensibilityGlobals) = postSolution
		SolutionGuid = {420E7749-95C3-4DEA-BD18-2418CCF0822D}
	EndGlobalSection
EndGlobal
